
Microsoft Visual Studio Solution File, Format Version 12.00
# Visual Studio Version 17
VisualStudioVersion = 17.4.32916.344
MinimumVisualStudioVersion = 10.0.40219.1
Project("{9A19103F-16F7-4668-BE54-9A1E7A4F7556}") = "BurgarKollenFunctions", "BurgarKollenFunctions\BurgarKollenFunctions.csproj", "{7F2DDBED-BBF2-46BB-903F-043306AE2309}"
EndProject
Global
	GlobalSection(SolutionConfigurationPlatforms) = preSolution
		Debug|Any CPU = Debug|Any CPU
		Release|Any CPU = Release|Any CPU
	EndGlobalSection
	GlobalSection(ProjectConfigurationPlatforms) = postSolution
		{7F2DDBED-BBF2-46BB-903F-043306AE2309}.Debug|Any CPU.ActiveCfg = Debug|Any CPU
		{7F2DDBED-BBF2-46BB-903F-043306AE2309}.Debug|Any CPU.Build.0 = Debug|Any CPU
		{7F2DDBED-BBF2-46BB-903F-043306AE2309}.Release|Any CPU.ActiveCfg = Release|Any CPU
		{7F2DDBED-BBF2-46BB-903F-043306AE2309}.Release|Any CPU.Build.0 = Release|Any CPU
	EndGlobalSection
	GlobalSection(SolutionProperties) = preSolution
		HideSolutionNode = FALSE
	EndGlobalSection
	GlobalSection(ExtensibilityGlobals) = postSolution
		SolutionGuid = {EDBD8911-1675-4A1F-A99D-1859C6FC9818}
	EndGlobalSection
EndGlobal
